<?xml version="1.0" encoding="utf-8"?>
<Project ToolsVersion="4.0" xmlns="http://schemas.microsoft.com/developer/msbuild/2003">
  <ItemGroup>
    <Filter Include="源文件">
      <UniqueIdentifier>{4FC737F1-C7A5-4376-A066-2A32D752A2FF}</UniqueIdentifier>
      <Extensions>cpp;c;cc;cxx;c++;cppm;ixx;def;odl;idl;hpj;bat;asm;asmx</Extensions>
    </Filter>
    <Filter Include="头文件">
      <UniqueIdentifier>{93995380-89BD-4b04-88EB-625FBE52EBFB}</UniqueIdentifier>
      <Extensions>h;hh;hpp;hxx;h++;hm;inl;inc;ipp;xsd</Extensions>
    </Filter>
    <Filter Include="资源文件">
      <UniqueIdentifier>{67DA6AB6-F800-4c08-8B7A-83BB121AAD01}</UniqueIdentifier>
      <Extensions>rc;ico;cur;bmp;dlg;rc2;rct;bin;rgs;gif;jpg;jpeg;jpe;resx;tiff;tif;png;wav;mfcribbon-ms</Extensions>
    </Filter>
  </ItemGroup>
  <ItemGroup>
    <ClCompile Include="lx1 创建窗口.cpp">
      <Filter>源文件</Filter>
    </ClCompile>
    <ClCompile Include="lx2 三角形.cpp">
      <Filter>源文件</Filter>
    </ClCompile>
    <ClCompile Include="lx3 长方形.cpp">
      <Filter>源文件</Filter>
    </ClCompile>
    <ClCompile Include="lx4 着色器.cpp">
      <Filter>源文件</Filter>
    </ClCompile>
    <ClCompile Include="lx5 缓冲输入顶点和颜色数据.cpp">
      <Filter>源文件</Filter>
    </ClCompile>
    <ClCompile Include="Shader.cpp">
      <Filter>源文件</Filter>
    </ClCompile>
    <ClCompile Include="lx6 封装的Shader.cpp">
      <Filter>源文件</Filter>
    </ClCompile>
    <ClCompile Include="lx7 移动和颜色等于位置.cpp">
      <Filter>源文件</Filter>
    </ClCompile>
    <ClCompile Include="lx8 纹理.cpp">
      <Filter>源文件</Filter>
    </ClCompile>
    <ClCompile Include="lx9 多纹理.cpp">
      <Filter>源文件</Filter>
    </ClCompile>
    <ClCompile Include="lx10 数学库GLM.cpp">
      <Filter>源文件</Filter>
    </ClCompile>
    <ClCompile Include="lx11 二维变换.cpp">
      <Filter>源文件</Filter>
    </ClCompile>
    <ClCompile Include="Window.cpp">
      <Filter>源文件</Filter>
    </ClCompile>
    <ClCompile Include="lx12 3D平板.cpp">
      <Filter>源文件</Filter>
    </ClCompile>
    <ClCompile Include="lx13 3D立方体.cpp">
      <Filter>源文件</Filter>
    </ClCompile>
    <ClCompile Include="lx14 10个立方体.cpp">
      <Filter>源文件</Filter>
    </ClCompile>
    <ClCompile Include="lx15 摄像机测试.cpp">
      <Filter>源文件</Filter>
    </ClCompile>
    <ClCompile Include="Camera.cpp">
      <Filter>源文件</Filter>
    </ClCompile>
    <ClCompile Include="lx16 光照场地搭建.cpp">
      <Filter>源文件</Filter>
    </ClCompile>
    <ClCompile Include="lx17 环境光照.cpp">
      <Filter>源文件</Filter>
    </ClCompile>
    <ClCompile Include="lx18 漫反射光照.cpp">
      <Filter>源文件</Filter>
    </ClCompile>
    <ClCompile Include="lx19 镜面反射光照.cpp">
      <Filter>源文件</Filter>
    </ClCompile>
    <ClCompile Include="lx20 材质.cpp">
      <Filter>源文件</Filter>
    </ClCompile>
    <ClCompile Include="lx21 光照贴图.cpp">
      <Filter>源文件</Filter>
    </ClCompile>
  </ItemGroup>
  <ItemGroup>
    <ClInclude Include="Shader.h">
      <Filter>头文件</Filter>
    </ClInclude>
    <ClInclude Include="resource.h">
      <Filter>头文件</Filter>
    </ClInclude>
    <ClInclude Include="resource1.h">
      <Filter>头文件</Filter>
    </ClInclude>
    <ClInclude Include="Window.h">
      <Filter>头文件</Filter>
    </ClInclude>
    <ClInclude Include="Camera.h">
      <Filter>头文件</Filter>
    </ClInclude>
  </ItemGroup>
  <ItemGroup>
    <Text Include="lx6.vs">
      <Filter>资源文件</Filter>
    </Text>
    <Text Include="lx6.frag">
      <Filter>资源文件</Filter>
    </Text>
  </ItemGroup>
  <ItemGroup>
    <None Include="lx7.frag">
      <Filter>资源文件</Filter>
    </None>
    <None Include="lx7.vs">
      <Filter>资源文件</Filter>
    </None>
    <None Include="lx8.frag">
      <Filter>资源文件</Filter>
    </None>
    <None Include="lx8.vs">
      <Filter>资源文件</Filter>
    </None>
    <None Include="lx9.frag">
      <Filter>资源文件</Filter>
    </None>
    <None Include="lx9.vs">
      <Filter>资源文件</Filter>
    </None>
    <None Include="lx11.frag">
      <Filter>资源文件</Filter>
    </None>
    <None Include="lx11.vs">
      <Filter>资源文件</Filter>
    </None>
    <None Include="lx12.frag">
      <Filter>资源文件</Filter>
    </None>
    <None Include="lx12.vs">
      <Filter>资源文件</Filter>
    </None>
    <None Include="lx14.vs">
      <Filter>资源文件</Filter>
    </None>
    <None Include="lx16.frag">
      <Filter>资源文件</Filter>
    </None>
    <None Include="lx16.vs">
      <Filter>资源文件</Filter>
    </None>
    <None Include="lx16light.frag">
      <Filter>资源文件</Filter>
    </None>
    <None Include="lx17.frag">
      <Filter>资源文件</Filter>
    </None>
    <None Include="lx18.frag">
      <Filter>资源文件</Filter>
    </None>
    <None Include="lx18.vs">
      <Filter>资源文件</Filter>
    </None>
    <None Include="lx19.frag">
      <Filter>资源文件</Filter>
    </None>
    <None Include="lx19.vs">
      <Filter>资源文件</Filter>
    </None>
    <None Include="lx20.frag">
      <Filter>资源文件</Filter>
    </None>
    <None Include="lx20.vert">
      <Filter>资源文件</Filter>
    </None>
    <None Include="lx21.frag">
      <Filter>资源文件</Filter>
    </None>
    <None Include="lx21.vert">
      <Filter>资源文件</Filter>
    </None>
  </ItemGroup>
  <ItemGroup>
    <Image Include="container.jpg">
      <Filter>资源文件</Filter>
    </Image>
    <Image Include="picture.jpg">
      <Filter>资源文件</Filter>
    </Image>
    <Image Include="container2_specular.png">
      <Filter>资源文件</Filter>
    </Image>
    <Image Include="container2.png">
      <Filter>资源文件</Filter>
    </Image>
  </ItemGroup>
</Project>