<?xml version="1.0" encoding="utf-8"?>
<Project ToolsVersion="4.0" xmlns="http://schemas.microsoft.com/developer/msbuild/2003">
  <ItemGroup>
    <Filter Include="源文件">
      <UniqueIdentifier>{4FC737F1-C7A5-4376-A066-2A32D752A2FF}</UniqueIdentifier>
      <Extensions>cpp;c;cc;cxx;def;odl;idl;hpj;bat;asm;asmx</Extensions>
    </Filter>
    <Filter Include="头文件">
      <UniqueIdentifier>{93995380-89BD-4b04-88EB-625FBE52EBFB}</UniqueIdentifier>
      <Extensions>h;hh;hpp;hxx;hm;inl;inc;ipp;xsd</Extensions>
    </Filter>
    <Filter Include="资源文件">
      <UniqueIdentifier>{67DA6AB6-F800-4c08-8B7A-83BB121AAD01}</UniqueIdentifier>
      <Extensions>rc;ico;cur;bmp;dlg;rc2;rct;bin;rgs;gif;jpg;jpeg;jpe;resx;tiff;tif;png;wav;mfcribbon-ms</Extensions>
    </Filter>
    <Filter Include="源文件\imgui">
      <UniqueIdentifier>{8d9f1e29-3450-402e-9fb5-52d531eb507b}</UniqueIdentifier>
    </Filter>
  </ItemGroup>
  <ItemGroup>
    <ClCompile Include="ogldev_lx1 glut窗口.cpp">
      <Filter>源文件</Filter>
    </ClCompile>
    <ClCompile Include="ogldev_lx3 绘制三角形.cpp">
      <Filter>源文件</Filter>
    </ClCompile>
    <ClCompile Include="ogldev_lx4 着色器使用.cpp">
      <Filter>源文件</Filter>
    </ClCompile>
    <ClCompile Include="LanGlut.cpp">
      <Filter>源文件</Filter>
    </ClCompile>
    <ClCompile Include="ogldev_lx2 glew使用和绘制点.cpp">
      <Filter>源文件</Filter>
    </ClCompile>
    <ClCompile Include="LanGlutTest.cpp">
      <Filter>源文件</Filter>
    </ClCompile>
    <ClCompile Include="ogldev_lx6 变换矩阵的使用.cpp">
      <Filter>源文件</Filter>
    </ClCompile>
    <ClCompile Include="ogldev_lx7 索引绘制.cpp">
      <Filter>源文件</Filter>
    </ClCompile>
    <ClCompile Include="ogldev_lx8 透视投影摄像机.cpp">
      <Filter>源文件</Filter>
    </ClCompile>
    <ClCompile Include="ogldev_lx9 相机空间摄像机.cpp">
      <Filter>源文件</Filter>
    </ClCompile>
    <ClCompile Include="ogldev_lx10 相机控制.cpp">
      <Filter>源文件</Filter>
    </ClCompile>
    <ClCompile Include="ogldev_lx5 uniform变量.cpp">
      <Filter>源文件</Filter>
    </ClCompile>
    <ClCompile Include="ogldev_lx11 四元数插值测试.cpp">
      <Filter>源文件</Filter>
    </ClCompile>
    <ClCompile Include="ogldev_lx12 鼠标控制相机.cpp">
      <Filter>源文件</Filter>
    </ClCompile>
    <ClCompile Include="ogldev_lx13 使用纹理.cpp">
      <Filter>源文件</Filter>
    </ClCompile>
    <ClCompile Include="..\imgui-master\imgui.cpp">
      <Filter>源文件\imgui</Filter>
    </ClCompile>
    <ClCompile Include="..\imgui-master\imgui_draw.cpp">
      <Filter>源文件\imgui</Filter>
    </ClCompile>
    <ClCompile Include="..\imgui-master\imgui_tables.cpp">
      <Filter>源文件\imgui</Filter>
    </ClCompile>
    <ClCompile Include="..\imgui-master\imgui_widgets.cpp">
      <Filter>源文件\imgui</Filter>
    </ClCompile>
    <ClCompile Include="imguiTest.cpp">
      <Filter>源文件</Filter>
    </ClCompile>
    <ClCompile Include="..\imgui-master\backends\imgui_impl_glut.cpp">
      <Filter>源文件\imgui</Filter>
    </ClCompile>
    <ClCompile Include="ogldev_lx14 方向光.cpp">
      <Filter>源文件</Filter>
    </ClCompile>
  </ItemGroup>
  <ItemGroup>
    <ClInclude Include="LanGlut.h">
      <Filter>头文件</Filter>
    </ClInclude>
    <ClInclude Include="..\imgui-master\backends\imgui_impl_glut.h">
      <Filter>源文件\imgui</Filter>
    </ClInclude>
  </ItemGroup>
  <ItemGroup>
    <Text Include="ReadMe.md">
      <Filter>源文件</Filter>
    </Text>
    <Text Include="lx4.vert">
      <Filter>资源文件</Filter>
    </Text>
  </ItemGroup>
  <ItemGroup>
    <None Include="lx7.vert">
      <Filter>资源文件</Filter>
    </None>
    <None Include="lx9.frag">
      <Filter>资源文件</Filter>
    </None>
    <None Include="lx5.vert">
      <Filter>资源文件</Filter>
    </None>
    <None Include="lx6.frag">
      <Filter>资源文件</Filter>
    </None>
    <None Include="lx6.vert">
      <Filter>资源文件</Filter>
    </None>
    <None Include="lx4.frag">
      <Filter>资源文件</Filter>
    </None>
    <None Include="lx13.frag">
      <Filter>资源文件</Filter>
    </None>
    <None Include="lx13.vert">
      <Filter>资源文件</Filter>
    </None>
    <None Include="lx14.frag">
      <Filter>资源文件</Filter>
    </None>
    <None Include="lx14.vert">
      <Filter>资源文件</Filter>
    </None>
  </ItemGroup>
</Project>