<?xml version="1.0" encoding="utf-8"?>
<Project ToolsVersion="4.0" xmlns="http://schemas.microsoft.com/developer/msbuild/2003">
  <ItemGroup>
    <Filter Include="源文件">
      <UniqueIdentifier>{4FC737F1-C7A5-4376-A066-2A32D752A2FF}</UniqueIdentifier>
      <Extensions>cpp;c;cc;cxx;def;odl;idl;hpj;bat;asm;asmx</Extensions>
    </Filter>
    <Filter Include="头文件">
      <UniqueIdentifier>{93995380-89BD-4b04-88EB-625FBE52EBFB}</UniqueIdentifier>
      <Extensions>h;hh;hpp;hxx;hm;inl;inc;ipp;xsd</Extensions>
    </Filter>
    <Filter Include="资源文件">
      <UniqueIdentifier>{67DA6AB6-F800-4c08-8B7A-83BB121AAD01}</UniqueIdentifier>
      <Extensions>rc;ico;cur;bmp;dlg;rc2;rct;bin;rgs;gif;jpg;jpeg;jpe;resx;tiff;tif;png;wav;mfcribbon-ms</Extensions>
    </Filter>
  </ItemGroup>
  <ItemGroup>
    <ClCompile Include="源.cpp">
      <Filter>源文件</Filter>
    </ClCompile>
    <ClCompile Include="OGLan.cpp">
      <Filter>源文件</Filter>
    </ClCompile>
    <ClCompile Include="lanOGlUtil.cpp">
      <Filter>源文件</Filter>
    </ClCompile>
    <ClCompile Include="lx1 基本内容.cpp">
      <Filter>源文件</Filter>
    </ClCompile>
    <ClCompile Include="lx2 图形绘制.cpp">
      <Filter>源文件</Filter>
    </ClCompile>
    <ClCompile Include="lx3 点和直线和像素.cpp">
      <Filter>源文件</Filter>
    </ClCompile>
    <ClCompile Include="lx4 多边形 正反面 剔除 镂空.cpp">
      <Filter>源文件</Filter>
    </ClCompile>
    <ClCompile Include="lx5 多边形镂空.cpp">
      <Filter>源文件</Filter>
    </ClCompile>
    <ClCompile Include="lx6 颜色设置.cpp">
      <Filter>源文件</Filter>
    </ClCompile>
    <ClCompile Include="lx7 颜色模型.cpp">
      <Filter>源文件</Filter>
    </ClCompile>
    <ClCompile Include="lx8 三维场景.cpp">
      <Filter>源文件</Filter>
    </ClCompile>
    <ClCompile Include="lx9 双缓冲及动画效果.cpp">
      <Filter>源文件</Filter>
    </ClCompile>
    <ClCompile Include="lx10 光照.cpp">
      <Filter>源文件</Filter>
    </ClCompile>
    <ClCompile Include="ogldev_lx1 glut窗口.cpp">
      <Filter>源文件</Filter>
    </ClCompile>
    <ClCompile Include="ogldev_lx2 glew使用和绘制点.cpp">
      <Filter>源文件</Filter>
    </ClCompile>
    <ClCompile Include="ogldev_lx3 绘制三角形.cpp">
      <Filter>源文件</Filter>
    </ClCompile>
    <ClCompile Include="ogldev_lx4 着色器使用.cpp">
      <Filter>源文件</Filter>
    </ClCompile>
    <ClCompile Include="ogldev_lx5 uniform变量.cpp">
      <Filter>源文件</Filter>
    </ClCompile>
    <ClCompile Include="ogldev_lx6 变换矩阵的使用.cpp">
      <Filter>源文件</Filter>
    </ClCompile>
    <ClCompile Include="ogldev_lx7 索引绘制.cpp">
      <Filter>源文件</Filter>
    </ClCompile>
    <ClCompile Include="ogldev_lx8 透视投影摄像机.cpp">
      <Filter>源文件</Filter>
    </ClCompile>
    <ClCompile Include="ogldev_lx9 相机空间摄像机.cpp">
      <Filter>源文件</Filter>
    </ClCompile>
    <ClCompile Include="ogldev_lx10 相机控制.cpp">
      <Filter>源文件</Filter>
    </ClCompile>
    <ClCompile Include="Camera.cpp">
      <Filter>源文件</Filter>
    </ClCompile>
    <ClCompile Include="Pipeline.cpp">
      <Filter>源文件</Filter>
    </ClCompile>
  </ItemGroup>
  <ItemGroup>
    <ClInclude Include="OGLan.h">
      <Filter>头文件</Filter>
    </ClInclude>
    <ClInclude Include="lanOGlUtil.h">
      <Filter>头文件</Filter>
    </ClInclude>
    <ClInclude Include="Pipeline.h">
      <Filter>头文件</Filter>
    </ClInclude>
    <ClInclude Include="Camera.h">
      <Filter>头文件</Filter>
    </ClInclude>
  </ItemGroup>
  <ItemGroup>
    <None Include="lx4.frag">
      <Filter>资源文件</Filter>
    </None>
    <None Include="lx4.vert">
      <Filter>资源文件</Filter>
    </None>
    <None Include="lx5.vert">
      <Filter>资源文件</Filter>
    </None>
    <None Include="lx6.vert">
      <Filter>资源文件</Filter>
    </None>
    <None Include="lx6.frag">
      <Filter>资源文件</Filter>
    </None>
    <None Include="lx7.vert">
      <Filter>资源文件</Filter>
    </None>
  </ItemGroup>
</Project>